
Microsoft Visual Studio Solution File, Format Version 12.00
# Visual Studio Version 17
VisualStudioVersion = 17.9.34723.18
MinimumVisualStudioVersion = 10.0.40219.1
Project("{FAE04EC0-301F-11D3-BF4B-00C04F79EFBC}") = "atv15", "atv15\atv15.csproj", "{533D7ABE-3379-444C-8560-64F0354C9B46}"
EndProject
Project("{9A19103F-16F7-4668-BE54-9A1E7A4F7556}") = "07-for", "..\..\introducaoc#\07-for\07-for\07-for.csproj", "{2279B695-AACA-44CB-B415-E83EAD723BAE}"
EndProject
Global
	GlobalSection(SolutionConfigurationPlatforms) = preSolution
		Debug|Any CPU = Debug|Any CPU
		Release|Any CPU = Release|Any CPU
	EndGlobalSection
	GlobalSection(ProjectConfigurationPlatforms) = postSolution
		{533D7ABE-3379-444C-8560-64F0354C9B46}.Debug|Any CPU.ActiveCfg = Debug|Any CPU
		{533D7ABE-3379-444C-8560-64F0354C9B46}.Debug|Any CPU.Build.0 = Debug|Any CPU
		{533D7ABE-3379-444C-8560-64F0354C9B46}.Release|Any CPU.ActiveCfg = Release|Any CPU
		{533D7ABE-3379-444C-8560-64F0354C9B46}.Release|Any CPU.Build.0 = Release|Any CPU
		{2279B695-AACA-44CB-B415-E83EAD723BAE}.Debug|Any CPU.ActiveCfg = Debug|Any CPU
		{2279B695-AACA-44CB-B415-E83EAD723BAE}.Debug|Any CPU.Build.0 = Debug|Any CPU
		{2279B695-AACA-44CB-B415-E83EAD723BAE}.Release|Any CPU.ActiveCfg = Release|Any CPU
		{2279B695-AACA-44CB-B415-E83EAD723BAE}.Release|Any CPU.Build.0 = Release|Any CPU
	EndGlobalSection
	GlobalSection(SolutionProperties) = preSolution
		HideSolutionNode = FALSE
	EndGlobalSection
	GlobalSection(ExtensibilityGlobals) = postSolution
		SolutionGuid = {55A615A4-E4B5-4784-B72C-B895648F5139}
	EndGlobalSection
EndGlobal
