
Microsoft Visual Studio Solution File, Format Version 12.00
# Visual Studio Version 17
VisualStudioVersion = 17.9.34723.18
MinimumVisualStudioVersion = 10.0.40219.1
Project("{FAE04EC0-301F-11D3-BF4B-00C04F79EFBC}") = "atv12", "atv12\atv12.csproj", "{2F0E8C72-3BB3-451C-8912-C104604ED704}"
EndProject
Project("{9A19103F-16F7-4668-BE54-9A1E7A4F7556}") = "10-ifElse", "..\..\introducaoc#\10-ifElse\10-ifElse\10-ifElse.csproj", "{5BCDAD5D-7062-484D-9461-3E53BD58253E}"
EndProject
Global
	GlobalSection(SolutionConfigurationPlatforms) = preSolution
		Debug|Any CPU = Debug|Any CPU
		Release|Any CPU = Release|Any CPU
	EndGlobalSection
	GlobalSection(ProjectConfigurationPlatforms) = postSolution
		{2F0E8C72-3BB3-451C-8912-C104604ED704}.Debug|Any CPU.ActiveCfg = Debug|Any CPU
		{2F0E8C72-3BB3-451C-8912-C104604ED704}.Debug|Any CPU.Build.0 = Debug|Any CPU
		{2F0E8C72-3BB3-451C-8912-C104604ED704}.Release|Any CPU.ActiveCfg = Release|Any CPU
		{2F0E8C72-3BB3-451C-8912-C104604ED704}.Release|Any CPU.Build.0 = Release|Any CPU
		{5BCDAD5D-7062-484D-9461-3E53BD58253E}.Debug|Any CPU.ActiveCfg = Debug|Any CPU
		{5BCDAD5D-7062-484D-9461-3E53BD58253E}.Debug|Any CPU.Build.0 = Debug|Any CPU
		{5BCDAD5D-7062-484D-9461-3E53BD58253E}.Release|Any CPU.ActiveCfg = Release|Any CPU
		{5BCDAD5D-7062-484D-9461-3E53BD58253E}.Release|Any CPU.Build.0 = Release|Any CPU
	EndGlobalSection
	GlobalSection(SolutionProperties) = preSolution
		HideSolutionNode = FALSE
	EndGlobalSection
	GlobalSection(ExtensibilityGlobals) = postSolution
		SolutionGuid = {16F24177-333D-42B9-B02B-C924B96EE705}
	EndGlobalSection
EndGlobal
